
Microsoft Visual Studio Solution File, Format Version 12.00
# Visual Studio Version 17
VisualStudioVersion = 17.8.34309.116
MinimumVisualStudioVersion = 10.0.40219.1
Project("{9A19103F-16F7-4668-BE54-9A1E7A4F7556}") = "Pilot.Api", "Pilot.Api\Pilot.Api.csproj", "{2C250F33-3846-4A08-A9BB-5A66A051B403}"
EndProject
Project("{9A19103F-16F7-4668-BE54-9A1E7A4F7556}") = "Pilot.Receiver", "Pilot.Receiver\Pilot.Receiver.csproj", "{4C5E9F89-1911-4478-87C0-BC5A5A1300E8}"
EndProject
Project("{FAE04EC0-301F-11D3-BF4B-00C04F79EFBC}") = "Pilot.Contracts", "Pilot.Contracts\Pilot.Contracts.csproj", "{9CAFA42E-E690-4A52-9515-460F703A542B}"
EndProject
Global
	GlobalSection(SolutionConfigurationPlatforms) = preSolution
		Debug|Any CPU = Debug|Any CPU
		Release|Any CPU = Release|Any CPU
	EndGlobalSection
	GlobalSection(ProjectConfigurationPlatforms) = postSolution
		{2C250F33-3846-4A08-A9BB-5A66A051B403}.Debug|Any CPU.ActiveCfg = Debug|Any CPU
		{2C250F33-3846-4A08-A9BB-5A66A051B403}.Debug|Any CPU.Build.0 = Debug|Any CPU
		{2C250F33-3846-4A08-A9BB-5A66A051B403}.Release|Any CPU.ActiveCfg = Release|Any CPU
		{2C250F33-3846-4A08-A9BB-5A66A051B403}.Release|Any CPU.Build.0 = Release|Any CPU
		{4C5E9F89-1911-4478-87C0-BC5A5A1300E8}.Debug|Any CPU.ActiveCfg = Debug|Any CPU
		{4C5E9F89-1911-4478-87C0-BC5A5A1300E8}.Debug|Any CPU.Build.0 = Debug|Any CPU
		{4C5E9F89-1911-4478-87C0-BC5A5A1300E8}.Release|Any CPU.ActiveCfg = Release|Any CPU
		{4C5E9F89-1911-4478-87C0-BC5A5A1300E8}.Release|Any CPU.Build.0 = Release|Any CPU
		{9CAFA42E-E690-4A52-9515-460F703A542B}.Debug|Any CPU.ActiveCfg = Debug|Any CPU
		{9CAFA42E-E690-4A52-9515-460F703A542B}.Debug|Any CPU.Build.0 = Debug|Any CPU
		{9CAFA42E-E690-4A52-9515-460F703A542B}.Release|Any CPU.ActiveCfg = Release|Any CPU
		{9CAFA42E-E690-4A52-9515-460F703A542B}.Release|Any CPU.Build.0 = Release|Any CPU
	EndGlobalSection
	GlobalSection(SolutionProperties) = preSolution
		HideSolutionNode = FALSE
	EndGlobalSection
	GlobalSection(ExtensibilityGlobals) = postSolution
		SolutionGuid = {3F644C4B-90E3-47A7-89D8-B0C1FF2FFC08}
	EndGlobalSection
EndGlobal
