
Microsoft Visual Studio Solution File, Format Version 12.00
Project("{FAE04EC0-301F-11D3-BF4B-00C04F79EFBC}") = "pilot_api", "pilot_api\pilot_api.csproj", "{2C250F33-3846-4A08-A9BB-5A66A051B403}"
EndProject
Project("{FAE04EC0-301F-11D3-BF4B-00C04F79EFBC}") = "pilot_receiver", "pilot_receiver\pilot_receiver.csproj", "{4C5E9F89-1911-4478-87C0-BC5A5A1300E8}"
EndProject
Project("{FAE04EC0-301F-11D3-BF4B-00C04F79EFBC}") = "RabbitMqMessages", "RabbitMqMessages\RabbitMqMessages.csproj", "{2862FA3A-8898-4AD1-9CF5-93C8C671EC77}"
EndProject
Global
	GlobalSection(SolutionConfigurationPlatforms) = preSolution
		Debug|Any CPU = Debug|Any CPU
		Release|Any CPU = Release|Any CPU
	EndGlobalSection
	GlobalSection(ProjectConfigurationPlatforms) = postSolution
		{2C250F33-3846-4A08-A9BB-5A66A051B403}.Debug|Any CPU.ActiveCfg = Debug|Any CPU
		{2C250F33-3846-4A08-A9BB-5A66A051B403}.Debug|Any CPU.Build.0 = Debug|Any CPU
		{2C250F33-3846-4A08-A9BB-5A66A051B403}.Release|Any CPU.ActiveCfg = Release|Any CPU
		{2C250F33-3846-4A08-A9BB-5A66A051B403}.Release|Any CPU.Build.0 = Release|Any CPU
		{4C5E9F89-1911-4478-87C0-BC5A5A1300E8}.Debug|Any CPU.ActiveCfg = Debug|Any CPU
		{4C5E9F89-1911-4478-87C0-BC5A5A1300E8}.Debug|Any CPU.Build.0 = Debug|Any CPU
		{4C5E9F89-1911-4478-87C0-BC5A5A1300E8}.Release|Any CPU.ActiveCfg = Release|Any CPU
		{4C5E9F89-1911-4478-87C0-BC5A5A1300E8}.Release|Any CPU.Build.0 = Release|Any CPU
		{2862FA3A-8898-4AD1-9CF5-93C8C671EC77}.Debug|Any CPU.ActiveCfg = Debug|Any CPU
		{2862FA3A-8898-4AD1-9CF5-93C8C671EC77}.Debug|Any CPU.Build.0 = Debug|Any CPU
		{2862FA3A-8898-4AD1-9CF5-93C8C671EC77}.Release|Any CPU.ActiveCfg = Release|Any CPU
		{2862FA3A-8898-4AD1-9CF5-93C8C671EC77}.Release|Any CPU.Build.0 = Release|Any CPU
	EndGlobalSection
EndGlobal
