
Microsoft Visual Studio Solution File, Format Version 12.00
# Visual Studio Version 17
VisualStudioVersion = 17.8.34309.116
MinimumVisualStudioVersion = 10.0.40219.1
Project("{9A19103F-16F7-4668-BE54-9A1E7A4F7556}") = "Pilot.Api", "Pilot.Api\Pilot.Api.csproj", "{2C250F33-3846-4A08-A9BB-5A66A051B403}"
	ProjectSection(ProjectDependencies) = postProject
		{9CAFA42E-E690-4A52-9515-460F703A542B} = {9CAFA42E-E690-4A52-9515-460F703A542B}
	EndProjectSection
EndProject
Project("{9A19103F-16F7-4668-BE54-9A1E7A4F7556}") = "Pilot.Receiver", "Pilot.Receiver\Pilot.Receiver.csproj", "{4C5E9F89-1911-4478-87C0-BC5A5A1300E8}"
	ProjectSection(ProjectDependencies) = postProject
		{9CAFA42E-E690-4A52-9515-460F703A542B} = {9CAFA42E-E690-4A52-9515-460F703A542B}
	EndProjectSection
EndProject
Project("{9A19103F-16F7-4668-BE54-9A1E7A4F7556}") = "Pilot.Contracts", "Pilot.Contracts\Pilot.Contracts.csproj", "{9CAFA42E-E690-4A52-9515-460F703A542B}"
EndProject
Project("{FAE04EC0-301F-11D3-BF4B-00C04F79EFBC}") = "Pilot.Identity", "Pilot.Identity\Pilot.Identity.csproj", "{F0632566-4226-41E1-AA13-F502FF9BAD17}"
EndProject
Project("{FAE04EC0-301F-11D3-BF4B-00C04F79EFBC}") = "Pilot.Messenger", "Pilot.Messenger\Pilot.Messenger.csproj", "{94A1D0E5-87AA-4924-BB37-A7A1D7D6F646}"
EndProject
Project("{2150E333-8FDC-42A3-9474-1A3956D46DE8}") = "Pilot.Tests", "Pilot.Tests", "{D9F9AFD5-CE30-4950-8B16-A285EBEF5008}"
EndProject
Project("{FAE04EC0-301F-11D3-BF4B-00C04F79EFBC}") = "Test.Base", "Pilot.Tests\Test.Base\Test.Base.csproj", "{60E7C4D5-0598-4E49-8C67-7F485D8CF5D1}"
EndProject
Project("{FAE04EC0-301F-11D3-BF4B-00C04F79EFBC}") = "Test.Receiver", "Pilot.Tests\Test.Receiver\Test.Receiver.csproj", "{3B242994-964F-404F-93E1-0B7601BECC96}"
EndProject
Project("{FAE04EC0-301F-11D3-BF4B-00C04F79EFBC}") = "Test.Identity", "Pilot.Tests\Test.Identity\Test.Identity.csproj", "{1173FC02-EF9A-4BE5-A4E2-13B558BA02CC}"
EndProject
Project("{FAE04EC0-301F-11D3-BF4B-00C04F79EFBC}") = "Test.Api", "Pilot.Tests\Test.Api\Test.Api.csproj", "{3FDF7F7B-66DA-452F-8404-D28BCD642E5F}"
EndProject
Project("{FAE04EC0-301F-11D3-BF4B-00C04F79EFBC}") = "Test.Messenger", "Pilot.Tests\Test.Messenger\Test.Messenger.csproj", "{DBD1002B-6AD5-484A-9BBD-B10BB0E82068}"
EndProject
Global
	GlobalSection(SolutionConfigurationPlatforms) = preSolution
		Debug|Any CPU = Debug|Any CPU
		Release|Any CPU = Release|Any CPU
	EndGlobalSection
	GlobalSection(ProjectConfigurationPlatforms) = postSolution
		{2C250F33-3846-4A08-A9BB-5A66A051B403}.Debug|Any CPU.ActiveCfg = Debug|Any CPU
		{2C250F33-3846-4A08-A9BB-5A66A051B403}.Debug|Any CPU.Build.0 = Debug|Any CPU
		{2C250F33-3846-4A08-A9BB-5A66A051B403}.Release|Any CPU.ActiveCfg = Release|Any CPU
		{2C250F33-3846-4A08-A9BB-5A66A051B403}.Release|Any CPU.Build.0 = Release|Any CPU
		{4C5E9F89-1911-4478-87C0-BC5A5A1300E8}.Debug|Any CPU.ActiveCfg = Debug|Any CPU
		{4C5E9F89-1911-4478-87C0-BC5A5A1300E8}.Debug|Any CPU.Build.0 = Debug|Any CPU
		{4C5E9F89-1911-4478-87C0-BC5A5A1300E8}.Release|Any CPU.ActiveCfg = Release|Any CPU
		{4C5E9F89-1911-4478-87C0-BC5A5A1300E8}.Release|Any CPU.Build.0 = Release|Any CPU
		{9CAFA42E-E690-4A52-9515-460F703A542B}.Debug|Any CPU.ActiveCfg = Debug|Any CPU
		{9CAFA42E-E690-4A52-9515-460F703A542B}.Debug|Any CPU.Build.0 = Debug|Any CPU
		{9CAFA42E-E690-4A52-9515-460F703A542B}.Release|Any CPU.ActiveCfg = Release|Any CPU
		{9CAFA42E-E690-4A52-9515-460F703A542B}.Release|Any CPU.Build.0 = Release|Any CPU
		{F0632566-4226-41E1-AA13-F502FF9BAD17}.Debug|Any CPU.ActiveCfg = Debug|Any CPU
		{F0632566-4226-41E1-AA13-F502FF9BAD17}.Debug|Any CPU.Build.0 = Debug|Any CPU
		{F0632566-4226-41E1-AA13-F502FF9BAD17}.Release|Any CPU.ActiveCfg = Release|Any CPU
		{F0632566-4226-41E1-AA13-F502FF9BAD17}.Release|Any CPU.Build.0 = Release|Any CPU
		{94A1D0E5-87AA-4924-BB37-A7A1D7D6F646}.Debug|Any CPU.ActiveCfg = Debug|Any CPU
		{94A1D0E5-87AA-4924-BB37-A7A1D7D6F646}.Debug|Any CPU.Build.0 = Debug|Any CPU
		{94A1D0E5-87AA-4924-BB37-A7A1D7D6F646}.Release|Any CPU.ActiveCfg = Release|Any CPU
		{94A1D0E5-87AA-4924-BB37-A7A1D7D6F646}.Release|Any CPU.Build.0 = Release|Any CPU
		{60E7C4D5-0598-4E49-8C67-7F485D8CF5D1}.Debug|Any CPU.ActiveCfg = Debug|Any CPU
		{60E7C4D5-0598-4E49-8C67-7F485D8CF5D1}.Debug|Any CPU.Build.0 = Debug|Any CPU
		{60E7C4D5-0598-4E49-8C67-7F485D8CF5D1}.Release|Any CPU.ActiveCfg = Release|Any CPU
		{60E7C4D5-0598-4E49-8C67-7F485D8CF5D1}.Release|Any CPU.Build.0 = Release|Any CPU
		{3B242994-964F-404F-93E1-0B7601BECC96}.Debug|Any CPU.ActiveCfg = Debug|Any CPU
		{3B242994-964F-404F-93E1-0B7601BECC96}.Debug|Any CPU.Build.0 = Debug|Any CPU
		{3B242994-964F-404F-93E1-0B7601BECC96}.Release|Any CPU.ActiveCfg = Release|Any CPU
		{3B242994-964F-404F-93E1-0B7601BECC96}.Release|Any CPU.Build.0 = Release|Any CPU
		{1173FC02-EF9A-4BE5-A4E2-13B558BA02CC}.Debug|Any CPU.ActiveCfg = Debug|Any CPU
		{1173FC02-EF9A-4BE5-A4E2-13B558BA02CC}.Debug|Any CPU.Build.0 = Debug|Any CPU
		{1173FC02-EF9A-4BE5-A4E2-13B558BA02CC}.Release|Any CPU.ActiveCfg = Release|Any CPU
		{1173FC02-EF9A-4BE5-A4E2-13B558BA02CC}.Release|Any CPU.Build.0 = Release|Any CPU
		{3FDF7F7B-66DA-452F-8404-D28BCD642E5F}.Debug|Any CPU.ActiveCfg = Debug|Any CPU
		{3FDF7F7B-66DA-452F-8404-D28BCD642E5F}.Debug|Any CPU.Build.0 = Debug|Any CPU
		{3FDF7F7B-66DA-452F-8404-D28BCD642E5F}.Release|Any CPU.ActiveCfg = Release|Any CPU
		{3FDF7F7B-66DA-452F-8404-D28BCD642E5F}.Release|Any CPU.Build.0 = Release|Any CPU
		{DBD1002B-6AD5-484A-9BBD-B10BB0E82068}.Debug|Any CPU.ActiveCfg = Debug|Any CPU
		{DBD1002B-6AD5-484A-9BBD-B10BB0E82068}.Debug|Any CPU.Build.0 = Debug|Any CPU
		{DBD1002B-6AD5-484A-9BBD-B10BB0E82068}.Release|Any CPU.ActiveCfg = Release|Any CPU
		{DBD1002B-6AD5-484A-9BBD-B10BB0E82068}.Release|Any CPU.Build.0 = Release|Any CPU
	EndGlobalSection
	GlobalSection(SolutionProperties) = preSolution
		HideSolutionNode = FALSE
	EndGlobalSection
	GlobalSection(ExtensibilityGlobals) = postSolution
		SolutionGuid = {3F644C4B-90E3-47A7-89D8-B0C1FF2FFC08}
	EndGlobalSection
	GlobalSection(NestedProjects) = preSolution
		{60E7C4D5-0598-4E49-8C67-7F485D8CF5D1} = {D9F9AFD5-CE30-4950-8B16-A285EBEF5008}
		{3B242994-964F-404F-93E1-0B7601BECC96} = {D9F9AFD5-CE30-4950-8B16-A285EBEF5008}
		{1173FC02-EF9A-4BE5-A4E2-13B558BA02CC} = {D9F9AFD5-CE30-4950-8B16-A285EBEF5008}
		{3FDF7F7B-66DA-452F-8404-D28BCD642E5F} = {D9F9AFD5-CE30-4950-8B16-A285EBEF5008}
		{DBD1002B-6AD5-484A-9BBD-B10BB0E82068} = {D9F9AFD5-CE30-4950-8B16-A285EBEF5008}
	EndGlobalSection
EndGlobal
